
Microsoft Visual Studio Solution File, Format Version 12.00
# Visual Studio 15
VisualStudioVersion = 15.0.26430.16
MinimumVisualStudioVersion = 10.0.40219.1
Project("{FAE04EC0-301F-11D3-BF4B-00C04F79EFBC}") = "QRCodeDiag", "QRCodeDiag\QRCodeDiag.csproj", "{FDD9082C-313A-4CD9-BE9B-55B3D8E64793}"
EndProject
Project("{FAE04EC0-301F-11D3-BF4B-00C04F79EFBC}") = "AndroidUI", "AndroidUI\AndroidUI.csproj", "{5AA881E5-5A1F-4EEA-82E4-1F217014B6F9}"
EndProject
Global
	GlobalSection(SolutionConfigurationPlatforms) = preSolution
		Debug|Any CPU = Debug|Any CPU
		Release|Any CPU = Release|Any CPU
	EndGlobalSection
	GlobalSection(ProjectConfigurationPlatforms) = postSolution
		{FDD9082C-313A-4CD9-BE9B-55B3D8E64793}.Debug|Any CPU.ActiveCfg = Debug|Any CPU
		{FDD9082C-313A-4CD9-BE9B-55B3D8E64793}.Debug|Any CPU.Build.0 = Debug|Any CPU
		{FDD9082C-313A-4CD9-BE9B-55B3D8E64793}.Release|Any CPU.ActiveCfg = Release|Any CPU
		{FDD9082C-313A-4CD9-BE9B-55B3D8E64793}.Release|Any CPU.Build.0 = Release|Any CPU
		{5AA881E5-5A1F-4EEA-82E4-1F217014B6F9}.Debug|Any CPU.ActiveCfg = Debug|Any CPU
		{5AA881E5-5A1F-4EEA-82E4-1F217014B6F9}.Debug|Any CPU.Build.0 = Debug|Any CPU
		{5AA881E5-5A1F-4EEA-82E4-1F217014B6F9}.Debug|Any CPU.Deploy.0 = Debug|Any CPU
		{5AA881E5-5A1F-4EEA-82E4-1F217014B6F9}.Release|Any CPU.ActiveCfg = Release|Any CPU
		{5AA881E5-5A1F-4EEA-82E4-1F217014B6F9}.Release|Any CPU.Build.0 = Release|Any CPU
		{5AA881E5-5A1F-4EEA-82E4-1F217014B6F9}.Release|Any CPU.Deploy.0 = Release|Any CPU
	EndGlobalSection
	GlobalSection(SolutionProperties) = preSolution
		HideSolutionNode = FALSE
	EndGlobalSection
EndGlobal
